lockfileVersion: '9.0'

settings:
  autoInstallPeers: true
  excludeLinksFromLockfile: false

importers:

  .:
    devDependencies:
      '@types/node':
        specifier: ^22.13.1
        version: 22.20.4
      turbo:
        specifier: ^2.4.4
        version: 2.11.3
      typescript:
        specifier: ^5.7.3
        version: 5.9.3

  apps/marketing: {}

  benchmarks/dogfood: {}

  benchmarks/overhead:
    dependencies:
      '@toolveto/shield':
        specifier: workspace:*
        version: link:../../packages/shield
    devDependencies:
      '@types/node':
        specifier: ^22.13.1
        version: 22.20.4
      typescript:
        specifier: ^5.7.3
        version: 5.9.3

  packages/cli:
    dependencies:
      '@toolveto/core':
        specifier: workspace:*
        version: link:../core
      '@toolveto/shield':
        specifier: workspace:*
        version: link:../shield
      commander:
        specifier: ^13.1.0
        version: 13.1.0
      toolveto-gateway:
        specifier: workspace:*
        version: link:../gateway
    devDependencies:
      '@types/node':
        specifier: ^22.13.1
        version: 22.20.4
      typescript:
        specifier: ^5.7.3
        version: 5.9.3

  packages/core:
    dependencies:
      zod:
        specifier: ^3.24.2
        version: 3.25.76
    devDependencies:
      '@types/node':
        specifier: ^22.13.1
        version: 22.20.4
      typescript:
        specifier: ^5.7.3
        version: 5.9.3

  packages/gateway:
    dependencies:
      '@toolveto/core':
        specifier: workspace:*
        version: link:../core
      '@toolveto/shield':
        specifier: workspace:*
        version: link:../shield
    devDependencies:
      '@types/node':
        specifier: ^22.13.1
        version: 22.20.4
      typescript:
        specifier: ^5.7.3
        version: 5.9.3

  packages/shield:
    devDependencies:
      '@types/node':
        specifier: ^22.13.1
        version: 22.20.4
      typescript:
        specifier: ^5.7.3
        version: 5.9.3

packages:

  '@turbo/darwin-64@2.11.3':
    resolution: {integrity: sha512-D4EIKTgPpxFQL5aZNbNqy57XOiRldM+mwP1ME9ZLM4DJoV3oNK7GKyQWVusz1umjiFNmLvunNGw7Jq4RUyYL3A==}
    cpu: [x64]
    os: [darwin]

  '@turbo/darwin-arm64@2.11.3':
    resolution: {integrity: sha512-WOvgWIO86LzBQmL9aRFekROing1CZMVDjmdD7Dk6R65qFAFdrlKkufojenjW1AbUAqytpG6xsXzq8UEScdSdDQ==}
    cpu: [arm64]
    os: [darwin]

  '@turbo/linux-64@2.11.3':
    resolution: {integrity: sha512-zIgNl9KkMnsdU54JrnazELatpMJDSktKjD3kjKVliUNMl/5uhFRrqQ+Z1qaACKw/2ybL7xzlsHir9s5q7sYlQg==}
    cpu: [x64]
    os: [android, linux]

  '@turbo/linux-arm64@2.11.3':
    resolution: {integrity: sha512-aJToWHx5JYvpPwIrAt1DuYrHWcpQGjGf0XVPRMKQBHou//JUYR6oowHeUZp9Oq7e3XDWA75E37C2GnNaBqCVnA==}
    cpu: [arm64]
    os: [android, linux]

  '@turbo/windows-64@2.11.3':
    resolution: {integrity: sha512-hu5biiwVGdMvHB/vvaoPjtudNBn3TqcsKK2A06ap3O0wnSZwAtTXe92tKTckpecDeVs+IC+4r8s2wXpbdSPWoA==}
    cpu: [x64]
    os: [win32]

  '@turbo/windows-arm64@2.11.3':
    resolution: {integrity: sha512-naDEb/31UmOOJOChi+LebLMKWKa1kId0yig1yTRZzDViDg1lBw1Ptu5iQYCvOfOOrx6swUUucf3zPWuPGWz7Jw==}
    cpu: [arm64]
    os: [win32]

  '@types/node@22.20.4':
    resolution: {integrity: sha512-zJRE40jpHtKqE/C4fgHrAKQLJuSpzEnP9ff9Y7YtoR3Wd2pwqzlekDeEuUQXjRd+QCYnVnNwuJYmhdk9XV8gvA==}

  commander@13.1.0:
    resolution: {integrity: sha512-/rFeCpNJQbhSZjGVwO9RFV3xPqbnERS8MmIQzCtD/zl6gpJuV/bMLuN92oG3F7d8oDEHHRrujSXNUr8fpjntKw==}
    engines: {node: '>=18'}

  turbo@2.11.3:
    resolution: {integrity: sha512-Pfg2dWNOUPwJYbR+eYAcjoBbo4Kmoc8uQb80hzKrBgNEQtxvwf2ucXG7C28MyLVhV/zJSKvChrR+2CP/BONpoA==}
    hasBin: true

  typescript@5.9.3:
    resolution: {integrity: sha512-jl1vZzPDinLr9eUt3J/t7V6FgNEw9QjvBPdysz9KfQDD41fQrC2Y4vKQdiaUpFT4bXlb1RHhLpp8wtm6M5TgSw==}
    engines: {node: '>=14.17'}
    hasBin: true

  undici-types@6.21.0:
    resolution: {integrity: sha512-iwDZqg0QAGrg9Rav5H4n0M64c3mkR59cJ6wQp+7C4nI0gsmExaedaYLNO44eT4AtBBwjbTiGPMlt2Md0T9H9JQ==}

  zod@3.25.76:
    resolution: {integrity: sha512-gzUt/qt81nXsFGKIFcC3YnfEAx5NkunCfnDlvuBSSFS02bcXu4Lmea0AFIUwbLWxWPx3d9p8S5QoaujKcNQxcQ==}

snapshots:

  '@turbo/darwin-64@2.11.3':
    optional: true

  '@turbo/darwin-arm64@2.11.3':
    optional: true

  '@turbo/linux-64@2.11.3':
    optional: true

  '@turbo/linux-arm64@2.11.3':
    optional: true

  '@turbo/windows-64@2.11.3':
    optional: true

  '@turbo/windows-arm64@2.11.3':
    optional: true

  '@types/node@22.20.4':
    dependencies:
      undici-types: 6.21.0

  commander@13.1.0: {}

  turbo@2.11.3:
    optionalDependencies:
      '@turbo/darwin-64': 2.11.3
      '@turbo/darwin-arm64': 2.11.3
      '@turbo/linux-64': 2.11.3
      '@turbo/linux-arm64': 2.11.3
      '@turbo/windows-64': 2.11.3
      '@turbo/windows-arm64': 2.11.3

  typescript@5.9.3: {}

  undici-types@6.21.0: {}

  zod@3.25.76: {}
